
Microsoft Visual Studio Solution File, Format Version 12.00
# Visual Studio Version 17
VisualStudioVersion = 17.5.002.0
MinimumVisualStudioVersion = 10.0.40219.1
Project("{FAE04EC0-301F-11D3-BF4B-00C04F79EFBC}") = "Parseus", "Parseus\Parseus.csproj", "{5968EDC7-A86F-49DC-B676-C759353D16CA}"
EndProject
Global
	GlobalSection(SolutionConfigurationPlatforms) = preSolution
		Debug|Any CPU = Debug|Any CPU
		Release|Any CPU = Release|Any CPU
	EndGlobalSection
	GlobalSection(ProjectConfigurationPlatforms) = postSolution
		{5968EDC7-A86F-49DC-B676-C759353D16CA}.Debug|Any CPU.ActiveCfg = Debug|Any CPU
		{5968EDC7-A86F-49DC-B676-C759353D16CA}.Debug|Any CPU.Build.0 = Debug|Any CPU
		{5968EDC7-A86F-49DC-B676-C759353D16CA}.Release|Any CPU.ActiveCfg = Release|Any CPU
		{5968EDC7-A86F-49DC-B676-C759353D16CA}.Release|Any CPU.Build.0 = Release|Any CPU
	EndGlobalSection
	GlobalSection(SolutionProperties) = preSolution
		HideSolutionNode = FALSE
	EndGlobalSection
	GlobalSection(ExtensibilityGlobals) = postSolution
		SolutionGuid = {D50B1984-7077-4BE7-954E-CFF7A29B3E45}
	EndGlobalSection
EndGlobal
